
Microsoft Visual Studio Solution File, Format Version 12.00
# Visual Studio 2013
VisualStudioVersion = 12.0
MinimumVisualStudioVersion = 12.0
Project("{2150E333-8FDC-42A3-9474-1A3956D46DE8}") = "Package", "Package", "{71397B9F-BBDD-45AB-A9B2-7D6621E976FD}"
EndProject
Project("{2150E333-8FDC-42A3-9474-1A3956D46DE8}") = "Lib", "Lib", "{3655B357-39BA-4AAB-BE1A-EA6F99E3518E}"
EndProject
Project("{2150E333-8FDC-42A3-9474-1A3956D46DE8}") = "Exe", "Exe", "{2F0DC910-DED4-4713-8A28-F07ADA228F79}"
EndProject
Project("{2150E333-8FDC-42A3-9474-1A3956D46DE8}") = "Svc", "Svc", "{B022BFAE-6726-4531-9AEB-DFE29026DF9A}"
EndProject
Project("{2150E333-8FDC-42A3-9474-1A3956D46DE8}") = "Syslib", "Syslib", "{55C7E6F2-E9A2-4D2A-8F65-C5B202E62F24}"
EndProject
Project("{2150E333-8FDC-42A3-9474-1A3956D46DE8}") = "Sys", "Sys", "{F2E8EF9D-DCAD-4978-9743-D53E553492CB}"
EndProject
Project("{8BC9CEB8-8B4A-11D0-8D11-00A0C91BC942}") = "package", "Package\package.VcxProj", "{875EB1B0-0CB1-421B-8012-FF8695DD26DB}"
EndProject
Project("{8BC9CEB8-8B4A-11D0-8D11-00A0C91BC942}") = "WFPSampler", "lib\WFPSampler.vcxproj", "{12E52F0A-20CE-48C3-9BDC-69D73D5F2823}"
EndProject
Project("{8BC9CEB8-8B4A-11D0-8D11-00A0C91BC942}") = "WFPSampler", "exe\WFPSampler.vcxproj", "{88C8238F-5192-4431-900B-A10FE4EAE75A}"
	ProjectSection(ProjectDependencies) = postProject
		{12E52F0A-20CE-48C3-9BDC-69D73D5F2823} = {12E52F0A-20CE-48C3-9BDC-69D73D5F2823}
	EndProjectSection
EndProject
Project("{8BC9CEB8-8B4A-11D0-8D11-00A0C91BC942}") = "WFPSamplerService", "svc\WFPSamplerService.vcxproj", "{F56384EE-D68B-49E2-B160-9AE50D406640}"
	ProjectSection(ProjectDependencies) = postProject
		{12E52F0A-20CE-48C3-9BDC-69D73D5F2823} = {12E52F0A-20CE-48C3-9BDC-69D73D5F2823}
	EndProjectSection
EndProject
Project("{8BC9CEB8-8B4A-11D0-8D11-00A0C91BC942}") = "WFPSampler", "syslib\WFPSampler.vcxproj", "{734558D5-72BB-42B8-A361-465E45A0F87A}"
EndProject
Project("{8BC9CEB8-8B4A-11D0-8D11-00A0C91BC942}") = "WFPSamplerCalloutDriver", "sys\WFPSamplerCalloutDriver.vcxproj", "{9BB31FB0-1261-40BF-9900-5C5534D63AAA}"
	ProjectSection(ProjectDependencies) = postProject
		{734558D5-72BB-42B8-A361-465E45A0F87A} = {734558D5-72BB-42B8-A361-465E45A0F87A}
	EndProjectSection
EndProject
Global
	GlobalSection(SolutionConfigurationPlatforms) = preSolution
		Win8.1 Debug|Win32 = Win8.1 Debug|Win32
		Win8.1 Debug|x64 = Win8.1 Debug|x64
		Win8.1 Release|Win32 = Win8.1 Release|Win32
		Win8.1 Release|x64 = Win8.1 Release|x64
		Win8 Debug|Win32 = Win8 Debug|Win32
		Win8 Debug|x64 = Win8 Debug|x64
		Win8 Release|Win32 = Win8 Release|Win32
		Win8 Release|x64 = Win8 Release|x64
		Win7 Debug|Win32 = Win7 Debug|Win32
		Win7 Debug|x64 = Win7 Debug|x64
		Win7 Release|Win32 = Win7 Release|Win32
		Win7 Release|x64 = Win7 Release|x64
	EndGlobalSection
	GlobalSection(ProjectConfigurationPlatforms) = postSolution
		{875EB1B0-0CB1-421B-8012-FF8695DD26DB}.Win8.1 Debug|Win32.ActiveCfg = Win8.1 Debug|Win32
		{875EB1B0-0CB1-421B-8012-FF8695DD26DB}.Win8.1 Debug|Win32.Build.0 = Win8.1 Debug|Win32
		{875EB1B0-0CB1-421B-8012-FF8695DD26DB}.Win8.1 Debug|x64.ActiveCfg = Win8.1 Debug|x64
		{875EB1B0-0CB1-421B-8012-FF8695DD26DB}.Win8.1 Debug|x64.Build.0 = Win8.1 Debug|x64
		{875EB1B0-0CB1-421B-8012-FF8695DD26DB}.Win8.1 Release|Win32.ActiveCfg = Win8.1 Release|Win32
		{875EB1B0-0CB1-421B-8012-FF8695DD26DB}.Win8.1 Release|Win32.Build.0 = Win8.1 Release|Win32
		{875EB1B0-0CB1-421B-8012-FF8695DD26DB}.Win8.1 Release|x64.ActiveCfg = Win8.1 Release|x64
		{875EB1B0-0CB1-421B-8012-FF8695DD26DB}.Win8.1 Release|x64.Build.0 = Win8.1 Release|x64
		{875EB1B0-0CB1-421B-8012-FF8695DD26DB}.Win8 Debug|Win32.ActiveCfg = Win8 Debug|Win32
		{875EB1B0-0CB1-421B-8012-FF8695DD26DB}.Win8 Debug|Win32.Build.0 = Win8 Debug|Win32
		{875EB1B0-0CB1-421B-8012-FF8695DD26DB}.Win8 Debug|x64.ActiveCfg = Win8 Debug|x64
		{875EB1B0-0CB1-421B-8012-FF8695DD26DB}.Win8 Debug|x64.Build.0 = Win8 Debug|x64
		{875EB1B0-0CB1-421B-8012-FF8695DD26DB}.Win8 Release|Win32.ActiveCfg = Win8 Release|Win32
		{875EB1B0-0CB1-421B-8012-FF8695DD26DB}.Win8 Release|Win32.Build.0 = Win8 Release|Win32
		{875EB1B0-0CB1-421B-8012-FF8695DD26DB}.Win8 Release|x64.ActiveCfg = Win8 Release|x64
		{875EB1B0-0CB1-421B-8012-FF8695DD26DB}.Win8 Release|x64.Build.0 = Win8 Release|x64
		{875EB1B0-0CB1-421B-8012-FF8695DD26DB}.Win7 Debug|Win32.ActiveCfg = Win7 Debug|Win32
		{875EB1B0-0CB1-421B-8012-FF8695DD26DB}.Win7 Debug|Win32.Build.0 = Win7 Debug|Win32
		{875EB1B0-0CB1-421B-8012-FF8695DD26DB}.Win7 Debug|x64.ActiveCfg = Win7 Debug|x64
		{875EB1B0-0CB1-421B-8012-FF8695DD26DB}.Win7 Debug|x64.Build.0 = Win7 Debug|x64
		{875EB1B0-0CB1-421B-8012-FF8695DD26DB}.Win7 Release|Win32.ActiveCfg = Win7 Release|Win32
		{875EB1B0-0CB1-421B-8012-FF8695DD26DB}.Win7 Release|Win32.Build.0 = Win7 Release|Win32
		{875EB1B0-0CB1-421B-8012-FF8695DD26DB}.Win7 Release|x64.ActiveCfg = Win7 Release|x64
		{875EB1B0-0CB1-421B-8012-FF8695DD26DB}.Win7 Release|x64.Build.0 = Win7 Release|x64
		{12E52F0A-20CE-48C3-9BDC-69D73D5F2823}.Win8.1 Debug|Win32.ActiveCfg = Win8.1 Debug|Win32
		{12E52F0A-20CE-48C3-9BDC-69D73D5F2823}.Win8.1 Debug|Win32.Build.0 = Win8.1 Debug|Win32
		{12E52F0A-20CE-48C3-9BDC-69D73D5F2823}.Win8.1 Debug|x64.ActiveCfg = Win8.1 Debug|x64
		{12E52F0A-20CE-48C3-9BDC-69D73D5F2823}.Win8.1 Debug|x64.Build.0 = Win8.1 Debug|x64
		{12E52F0A-20CE-48C3-9BDC-69D73D5F2823}.Win8.1 Release|Win32.ActiveCfg = Win8.1 Release|Win32
		{12E52F0A-20CE-48C3-9BDC-69D73D5F2823}.Win8.1 Release|Win32.Build.0 = Win8.1 Release|Win32
		{12E52F0A-20CE-48C3-9BDC-69D73D5F2823}.Win8.1 Release|x64.ActiveCfg = Win8.1 Release|x64
		{12E52F0A-20CE-48C3-9BDC-69D73D5F2823}.Win8.1 Release|x64.Build.0 = Win8.1 Release|x64
		{12E52F0A-20CE-48C3-9BDC-69D73D5F2823}.Win8 Debug|Win32.ActiveCfg = Win8 Debug|Win32
		{12E52F0A-20CE-48C3-9BDC-69D73D5F2823}.Win8 Debug|Win32.Build.0 = Win8 Debug|Win32
		{12E52F0A-20CE-48C3-9BDC-69D73D5F2823}.Win8 Debug|x64.ActiveCfg = Win8 Debug|x64
		{12E52F0A-20CE-48C3-9BDC-69D73D5F2823}.Win8 Debug|x64.Build.0 = Win8 Debug|x64
		{12E52F0A-20CE-48C3-9BDC-69D73D5F2823}.Win8 Release|Win32.ActiveCfg = Win8 Release|Win32
		{12E52F0A-20CE-48C3-9BDC-69D73D5F2823}.Win8 Release|Win32.Build.0 = Win8 Release|Win32
		{12E52F0A-20CE-48C3-9BDC-69D73D5F2823}.Win8 Release|x64.ActiveCfg = Win8 Release|x64
		{12E52F0A-20CE-48C3-9BDC-69D73D5F2823}.Win8 Release|x64.Build.0 = Win8 Release|x64
		{12E52F0A-20CE-48C3-9BDC-69D73D5F2823}.Win7 Debug|Win32.ActiveCfg = Win7 Debug|Win32
		{12E52F0A-20CE-48C3-9BDC-69D73D5F2823}.Win7 Debug|Win32.Build.0 = Win7 Debug|Win32
		{12E52F0A-20CE-48C3-9BDC-69D73D5F2823}.Win7 Debug|x64.ActiveCfg = Win7 Debug|x64
		{12E52F0A-20CE-48C3-9BDC-69D73D5F2823}.Win7 Debug|x64.Build.0 = Win7 Debug|x64
		{12E52F0A-20CE-48C3-9BDC-69D73D5F2823}.Win7 Release|Win32.ActiveCfg = Win7 Release|Win32
		{12E52F0A-20CE-48C3-9BDC-69D73D5F2823}.Win7 Release|Win32.Build.0 = Win7 Release|Win32
		{12E52F0A-20CE-48C3-9BDC-69D73D5F2823}.Win7 Release|x64.ActiveCfg = Win7 Release|x64
		{12E52F0A-20CE-48C3-9BDC-69D73D5F2823}.Win7 Release|x64.Build.0 = Win7 Release|x64
		{88C8238F-5192-4431-900B-A10FE4EAE75A}.Win8.1 Debug|Win32.ActiveCfg = Win8.1 Debug|Win32
		{88C8238F-5192-4431-900B-A10FE4EAE75A}.Win8.1 Debug|Win32.Build.0 = Win8.1 Debug|Win32
		{88C8238F-5192-4431-900B-A10FE4EAE75A}.Win8.1 Debug|x64.ActiveCfg = Win8.1 Debug|x64
		{88C8238F-5192-4431-900B-A10FE4EAE75A}.Win8.1 Debug|x64.Build.0 = Win8.1 Debug|x64
		{88C8238F-5192-4431-900B-A10FE4EAE75A}.Win8.1 Release|Win32.ActiveCfg = Win8.1 Release|Win32
		{88C8238F-5192-4431-900B-A10FE4EAE75A}.Win8.1 Release|Win32.Build.0 = Win8.1 Release|Win32
		{88C8238F-5192-4431-900B-A10FE4EAE75A}.Win8.1 Release|x64.ActiveCfg = Win8.1 Release|x64
		{88C8238F-5192-4431-900B-A10FE4EAE75A}.Win8.1 Release|x64.Build.0 = Win8.1 Release|x64
		{88C8238F-5192-4431-900B-A10FE4EAE75A}.Win8 Debug|Win32.ActiveCfg = Win8 Debug|Win32
		{88C8238F-5192-4431-900B-A10FE4EAE75A}.Win8 Debug|Win32.Build.0 = Win8 Debug|Win32
		{88C8238F-5192-4431-900B-A10FE4EAE75A}.Win8 Debug|x64.ActiveCfg = Win8 Debug|x64
		{88C8238F-5192-4431-900B-A10FE4EAE75A}.Win8 Debug|x64.Build.0 = Win8 Debug|x64
		{88C8238F-5192-4431-900B-A10FE4EAE75A}.Win8 Release|Win32.ActiveCfg = Win8 Release|Win32
		{88C8238F-5192-4431-900B-A10FE4EAE75A}.Win8 Release|Win32.Build.0 = Win8 Release|Win32
		{88C8238F-5192-4431-900B-A10FE4EAE75A}.Win8 Release|x64.ActiveCfg = Win8 Release|x64
		{88C8238F-5192-4431-900B-A10FE4EAE75A}.Win8 Release|x64.Build.0 = Win8 Release|x64
		{88C8238F-5192-4431-900B-A10FE4EAE75A}.Win7 Debug|Win32.ActiveCfg = Win7 Debug|Win32
		{88C8238F-5192-4431-900B-A10FE4EAE75A}.Win7 Debug|Win32.Build.0 = Win7 Debug|Win32
		{88C8238F-5192-4431-900B-A10FE4EAE75A}.Win7 Debug|x64.ActiveCfg = Win7 Debug|x64
		{88C8238F-5192-4431-900B-A10FE4EAE75A}.Win7 Debug|x64.Build.0 = Win7 Debug|x64
		{88C8238F-5192-4431-900B-A10FE4EAE75A}.Win7 Release|Win32.ActiveCfg = Win7 Release|Win32
		{88C8238F-5192-4431-900B-A10FE4EAE75A}.Win7 Release|Win32.Build.0 = Win7 Release|Win32
		{88C8238F-5192-4431-900B-A10FE4EAE75A}.Win7 Release|x64.ActiveCfg = Win7 Release|x64
		{88C8238F-5192-4431-900B-A10FE4EAE75A}.Win7 Release|x64.Build.0 = Win7 Release|x64
		{F56384EE-D68B-49E2-B160-9AE50D406640}.Win8.1 Debug|Win32.ActiveCfg = Win8.1 Debug|Win32
		{F56384EE-D68B-49E2-B160-9AE50D406640}.Win8.1 Debug|Win32.Build.0 = Win8.1 Debug|Win32
		{F56384EE-D68B-49E2-B160-9AE50D406640}.Win8.1 Debug|x64.ActiveCfg = Win8.1 Debug|x64
		{F56384EE-D68B-49E2-B160-9AE50D406640}.Win8.1 Debug|x64.Build.0 = Win8.1 Debug|x64
		{F56384EE-D68B-49E2-B160-9AE50D406640}.Win8.1 Release|Win32.ActiveCfg = Win8.1 Release|Win32
		{F56384EE-D68B-49E2-B160-9AE50D406640}.Win8.1 Release|Win32.Build.0 = Win8.1 Release|Win32
		{F56384EE-D68B-49E2-B160-9AE50D406640}.Win8.1 Release|x64.ActiveCfg = Win8.1 Release|x64
		{F56384EE-D68B-49E2-B160-9AE50D406640}.Win8.1 Release|x64.Build.0 = Win8.1 Release|x64
		{F56384EE-D68B-49E2-B160-9AE50D406640}.Win8 Debug|Win32.ActiveCfg = Win8 Debug|Win32
		{F56384EE-D68B-49E2-B160-9AE50D406640}.Win8 Debug|Win32.Build.0 = Win8 Debug|Win32
		{F56384EE-D68B-49E2-B160-9AE50D406640}.Win8 Debug|x64.ActiveCfg = Win8 Debug|x64
		{F56384EE-D68B-49E2-B160-9AE50D406640}.Win8 Debug|x64.Build.0 = Win8 Debug|x64
		{F56384EE-D68B-49E2-B160-9AE50D406640}.Win8 Release|Win32.ActiveCfg = Win8 Release|Win32
		{F56384EE-D68B-49E2-B160-9AE50D406640}.Win8 Release|Win32.Build.0 = Win8 Release|Win32
		{F56384EE-D68B-49E2-B160-9AE50D406640}.Win8 Release|x64.ActiveCfg = Win8 Release|x64
		{F56384EE-D68B-49E2-B160-9AE50D406640}.Win8 Release|x64.Build.0 = Win8 Release|x64
		{F56384EE-D68B-49E2-B160-9AE50D406640}.Win7 Debug|Win32.ActiveCfg = Win7 Debug|Win32
		{F56384EE-D68B-49E2-B160-9AE50D406640}.Win7 Debug|Win32.Build.0 = Win7 Debug|Win32
		{F56384EE-D68B-49E2-B160-9AE50D406640}.Win7 Debug|x64.ActiveCfg = Win7 Debug|x64
		{F56384EE-D68B-49E2-B160-9AE50D406640}.Win7 Debug|x64.Build.0 = Win7 Debug|x64
		{F56384EE-D68B-49E2-B160-9AE50D406640}.Win7 Release|Win32.ActiveCfg = Win7 Release|Win32
		{F56384EE-D68B-49E2-B160-9AE50D406640}.Win7 Release|Win32.Build.0 = Win7 Release|Win32
		{F56384EE-D68B-49E2-B160-9AE50D406640}.Win7 Release|x64.ActiveCfg = Win7 Release|x64
		{F56384EE-D68B-49E2-B160-9AE50D406640}.Win7 Release|x64.Build.0 = Win7 Release|x64
		{734558D5-72BB-42B8-A361-465E45A0F87A}.Win8.1 Debug|Win32.ActiveCfg = Win8.1 Debug|Win32
		{734558D5-72BB-42B8-A361-465E45A0F87A}.Win8.1 Debug|Win32.Build.0 = Win8.1 Debug|Win32
		{734558D5-72BB-42B8-A361-465E45A0F87A}.Win8.1 Debug|x64.ActiveCfg = Win8.1 Debug|x64
		{734558D5-72BB-42B8-A361-465E45A0F87A}.Win8.1 Debug|x64.Build.0 = Win8.1 Debug|x64
		{734558D5-72BB-42B8-A361-465E45A0F87A}.Win8.1 Release|Win32.ActiveCfg = Win8.1 Release|Win32
		{734558D5-72BB-42B8-A361-465E45A0F87A}.Win8.1 Release|Win32.Build.0 = Win8.1 Release|Win32
		{734558D5-72BB-42B8-A361-465E45A0F87A}.Win8.1 Release|x64.ActiveCfg = Win8.1 Release|x64
		{734558D5-72BB-42B8-A361-465E45A0F87A}.Win8.1 Release|x64.Build.0 = Win8.1 Release|x64
		{734558D5-72BB-42B8-A361-465E45A0F87A}.Win8 Debug|Win32.ActiveCfg = Win8 Debug|Win32
		{734558D5-72BB-42B8-A361-465E45A0F87A}.Win8 Debug|Win32.Build.0 = Win8 Debug|Win32
		{734558D5-72BB-42B8-A361-465E45A0F87A}.Win8 Debug|x64.ActiveCfg = Win8 Debug|x64
		{734558D5-72BB-42B8-A361-465E45A0F87A}.Win8 Debug|x64.Build.0 = Win8 Debug|x64
		{734558D5-72BB-42B8-A361-465E45A0F87A}.Win8 Release|Win32.ActiveCfg = Win8 Release|Win32
		{734558D5-72BB-42B8-A361-465E45A0F87A}.Win8 Release|Win32.Build.0 = Win8 Release|Win32
		{734558D5-72BB-42B8-A361-465E45A0F87A}.Win8 Release|x64.ActiveCfg = Win8 Release|x64
		{734558D5-72BB-42B8-A361-465E45A0F87A}.Win8 Release|x64.Build.0 = Win8 Release|x64
		{734558D5-72BB-42B8-A361-465E45A0F87A}.Win7 Debug|Win32.ActiveCfg = Win7 Debug|Win32
		{734558D5-72BB-42B8-A361-465E45A0F87A}.Win7 Debug|Win32.Build.0 = Win7 Debug|Win32
		{734558D5-72BB-42B8-A361-465E45A0F87A}.Win7 Debug|x64.ActiveCfg = Win7 Debug|x64
		{734558D5-72BB-42B8-A361-465E45A0F87A}.Win7 Debug|x64.Build.0 = Win7 Debug|x64
		{734558D5-72BB-42B8-A361-465E45A0F87A}.Win7 Release|Win32.ActiveCfg = Win7 Release|Win32
		{734558D5-72BB-42B8-A361-465E45A0F87A}.Win7 Release|Win32.Build.0 = Win7 Release|Win32
		{734558D5-72BB-42B8-A361-465E45A0F87A}.Win7 Release|x64.ActiveCfg = Win7 Release|x64
		{734558D5-72BB-42B8-A361-465E45A0F87A}.Win7 Release|x64.Build.0 = Win7 Release|x64
		{9BB31FB0-1261-40BF-9900-5C5534D63AAA}.Win8.1 Debug|Win32.ActiveCfg = Win8.1 Debug|Win32
		{9BB31FB0-1261-40BF-9900-5C5534D63AAA}.Win8.1 Debug|Win32.Build.0 = Win8.1 Debug|Win32
		{9BB31FB0-1261-40BF-9900-5C5534D63AAA}.Win8.1 Debug|x64.ActiveCfg = Win8.1 Debug|x64
		{9BB31FB0-1261-40BF-9900-5C5534D63AAA}.Win8.1 Debug|x64.Build.0 = Win8.1 Debug|x64
		{9BB31FB0-1261-40BF-9900-5C5534D63AAA}.Win8.1 Release|Win32.ActiveCfg = Win8.1 Release|Win32
		{9BB31FB0-1261-40BF-9900-5C5534D63AAA}.Win8.1 Release|Win32.Build.0 = Win8.1 Release|Win32
		{9BB31FB0-1261-40BF-9900-5C5534D63AAA}.Win8.1 Release|x64.ActiveCfg = Win8.1 Release|x64
		{9BB31FB0-1261-40BF-9900-5C5534D63AAA}.Win8.1 Release|x64.Build.0 = Win8.1 Release|x64
		{9BB31FB0-1261-40BF-9900-5C5534D63AAA}.Win8 Debug|Win32.ActiveCfg = Win8 Debug|Win32
		{9BB31FB0-1261-40BF-9900-5C5534D63AAA}.Win8 Debug|Win32.Build.0 = Win8 Debug|Win32
		{9BB31FB0-1261-40BF-9900-5C5534D63AAA}.Win8 Debug|x64.ActiveCfg = Win8 Debug|x64
		{9BB31FB0-1261-40BF-9900-5C5534D63AAA}.Win8 Debug|x64.Build.0 = Win8 Debug|x64
		{9BB31FB0-1261-40BF-9900-5C5534D63AAA}.Win8 Release|Win32.ActiveCfg = Win8 Release|Win32
		{9BB31FB0-1261-40BF-9900-5C5534D63AAA}.Win8 Release|Win32.Build.0 = Win8 Release|Win32
		{9BB31FB0-1261-40BF-9900-5C5534D63AAA}.Win8 Release|x64.ActiveCfg = Win8 Release|x64
		{9BB31FB0-1261-40BF-9900-5C5534D63AAA}.Win8 Release|x64.Build.0 = Win8 Release|x64
		{9BB31FB0-1261-40BF-9900-5C5534D63AAA}.Win7 Debug|Win32.ActiveCfg = Win7 Debug|Win32
		{9BB31FB0-1261-40BF-9900-5C5534D63AAA}.Win7 Debug|Win32.Build.0 = Win7 Debug|Win32
		{9BB31FB0-1261-40BF-9900-5C5534D63AAA}.Win7 Debug|x64.ActiveCfg = Win7 Debug|x64
		{9BB31FB0-1261-40BF-9900-5C5534D63AAA}.Win7 Debug|x64.Build.0 = Win7 Debug|x64
		{9BB31FB0-1261-40BF-9900-5C5534D63AAA}.Win7 Release|Win32.ActiveCfg = Win7 Release|Win32
		{9BB31FB0-1261-40BF-9900-5C5534D63AAA}.Win7 Release|Win32.Build.0 = Win7 Release|Win32
		{9BB31FB0-1261-40BF-9900-5C5534D63AAA}.Win7 Release|x64.ActiveCfg = Win7 Release|x64
		{9BB31FB0-1261-40BF-9900-5C5534D63AAA}.Win7 Release|x64.Build.0 = Win7 Release|x64
	EndGlobalSection
	GlobalSection(SolutionProperties) = preSolution
		HideSolutionNode = FALSE
	EndGlobalSection
	GlobalSection(NestedProjects) = preSolution
		{875EB1B0-0CB1-421B-8012-FF8695DD26DB} = {71397B9F-BBDD-45AB-A9B2-7D6621E976FD}
		{12E52F0A-20CE-48C3-9BDC-69D73D5F2823} = {3655B357-39BA-4AAB-BE1A-EA6F99E3518E}
		{88C8238F-5192-4431-900B-A10FE4EAE75A} = {2F0DC910-DED4-4713-8A28-F07ADA228F79}
		{F56384EE-D68B-49E2-B160-9AE50D406640} = {B022BFAE-6726-4531-9AEB-DFE29026DF9A}
		{734558D5-72BB-42B8-A361-465E45A0F87A} = {55C7E6F2-E9A2-4D2A-8F65-C5B202E62F24}
		{9BB31FB0-1261-40BF-9900-5C5534D63AAA} = {F2E8EF9D-DCAD-4978-9743-D53E553492CB}
	EndGlobalSection
EndGlobal
