
Microsoft Visual Studio Solution File, Format Version 12.00
# Visual Studio 2013
VisualStudioVersion = 12.0
MinimumVisualStudioVersion = 12.0
Project("{2150E333-8FDC-42A3-9474-1A3956D46DE8}") = "Package", "Package", "{9B2535FA-88A0-48C3-8ED2-12F51A75F59D}"
EndProject
Project("{2150E333-8FDC-42A3-9474-1A3956D46DE8}") = "Sys", "Sys", "{3322402F-41C1-47C1-8CF9-7936460B318C}"
EndProject
Project("{2150E333-8FDC-42A3-9474-1A3956D46DE8}") = "Hidusbfx2", "Hidusbfx2", "{75890F6B-F847-4208-BFDE-9AF7CA02F0B2}"
EndProject
Project("{2150E333-8FDC-42A3-9474-1A3956D46DE8}") = "Hidkmdf", "Hidkmdf", "{94B5ED24-C69F-443F-B6EE-4EB55AEEA8C4}"
EndProject
Project("{2150E333-8FDC-42A3-9474-1A3956D46DE8}") = "Fx2Hid", "Fx2Hid", "{C1A7C569-95FE-439D-8ADF-57387B3B8695}"
EndProject
Project("{8BC9CEB8-8B4A-11D0-8D11-00A0C91BC942}") = "package", "Package\package.VcxProj", "{075AB3F7-96CF-4749-A44D-32331C7A7D7A}"
EndProject
Project("{8BC9CEB8-8B4A-11D0-8D11-00A0C91BC942}") = "hidusbfx2", "hidusbfx2\sys\hidusbfx2.vcxproj", "{5C7EA69C-ADEA-4D1E-ABB6-5EAB43D900A0}"
EndProject
Project("{8BC9CEB8-8B4A-11D0-8D11-00A0C91BC942}") = "hidkmdf", "hidusbfx2\hidkmdf\hidkmdf.vcxproj", "{7636C496-50E3-4F40-9970-561867F8F64D}"
EndProject
Project("{8BC9CEB8-8B4A-11D0-8D11-00A0C91BC942}") = "Fx2Hid", "Fx2Hid\Fx2Hid.vcxproj", "{263D7463-B094-4C41-A0F2-23F5E0D02520}"
EndProject
Global
	GlobalSection(SolutionConfigurationPlatforms) = preSolution
		Win8.1 Debug|Win32 = Win8.1 Debug|Win32
		Win8.1 Debug|x64 = Win8.1 Debug|x64
		Win8.1 Release|Win32 = Win8.1 Release|Win32
		Win8.1 Release|x64 = Win8.1 Release|x64
		Win8 Debug|Win32 = Win8 Debug|Win32
		Win8 Debug|x64 = Win8 Debug|x64
		Win8 Release|Win32 = Win8 Release|Win32
		Win8 Release|x64 = Win8 Release|x64
		Win7 Debug|Win32 = Win7 Debug|Win32
		Win7 Debug|x64 = Win7 Debug|x64
		Win7 Release|Win32 = Win7 Release|Win32
		Win7 Release|x64 = Win7 Release|x64
	EndGlobalSection
	GlobalSection(ProjectConfigurationPlatforms) = postSolution
		{075AB3F7-96CF-4749-A44D-32331C7A7D7A}.Win8.1 Debug|Win32.ActiveCfg = Win8.1 Debug|Win32
		{075AB3F7-96CF-4749-A44D-32331C7A7D7A}.Win8.1 Debug|Win32.Build.0 = Win8.1 Debug|Win32
		{075AB3F7-96CF-4749-A44D-32331C7A7D7A}.Win8.1 Debug|x64.ActiveCfg = Win8.1 Debug|x64
		{075AB3F7-96CF-4749-A44D-32331C7A7D7A}.Win8.1 Debug|x64.Build.0 = Win8.1 Debug|x64
		{075AB3F7-96CF-4749-A44D-32331C7A7D7A}.Win8.1 Release|Win32.ActiveCfg = Win8.1 Release|Win32
		{075AB3F7-96CF-4749-A44D-32331C7A7D7A}.Win8.1 Release|Win32.Build.0 = Win8.1 Release|Win32
		{075AB3F7-96CF-4749-A44D-32331C7A7D7A}.Win8.1 Release|x64.ActiveCfg = Win8.1 Release|x64
		{075AB3F7-96CF-4749-A44D-32331C7A7D7A}.Win8.1 Release|x64.Build.0 = Win8.1 Release|x64
		{075AB3F7-96CF-4749-A44D-32331C7A7D7A}.Win8 Debug|Win32.ActiveCfg = Win8 Debug|Win32
		{075AB3F7-96CF-4749-A44D-32331C7A7D7A}.Win8 Debug|Win32.Build.0 = Win8 Debug|Win32
		{075AB3F7-96CF-4749-A44D-32331C7A7D7A}.Win8 Debug|x64.ActiveCfg = Win8 Debug|x64
		{075AB3F7-96CF-4749-A44D-32331C7A7D7A}.Win8 Debug|x64.Build.0 = Win8 Debug|x64
		{075AB3F7-96CF-4749-A44D-32331C7A7D7A}.Win8 Release|Win32.ActiveCfg = Win8 Release|Win32
		{075AB3F7-96CF-4749-A44D-32331C7A7D7A}.Win8 Release|Win32.Build.0 = Win8 Release|Win32
		{075AB3F7-96CF-4749-A44D-32331C7A7D7A}.Win8 Release|x64.ActiveCfg = Win8 Release|x64
		{075AB3F7-96CF-4749-A44D-32331C7A7D7A}.Win8 Release|x64.Build.0 = Win8 Release|x64
		{075AB3F7-96CF-4749-A44D-32331C7A7D7A}.Win7 Debug|Win32.ActiveCfg = Win7 Debug|Win32
		{075AB3F7-96CF-4749-A44D-32331C7A7D7A}.Win7 Debug|Win32.Build.0 = Win7 Debug|Win32
		{075AB3F7-96CF-4749-A44D-32331C7A7D7A}.Win7 Debug|x64.ActiveCfg = Win7 Debug|x64
		{075AB3F7-96CF-4749-A44D-32331C7A7D7A}.Win7 Debug|x64.Build.0 = Win7 Debug|x64
		{075AB3F7-96CF-4749-A44D-32331C7A7D7A}.Win7 Release|Win32.ActiveCfg = Win7 Release|Win32
		{075AB3F7-96CF-4749-A44D-32331C7A7D7A}.Win7 Release|Win32.Build.0 = Win7 Release|Win32
		{075AB3F7-96CF-4749-A44D-32331C7A7D7A}.Win7 Release|x64.ActiveCfg = Win7 Release|x64
		{075AB3F7-96CF-4749-A44D-32331C7A7D7A}.Win7 Release|x64.Build.0 = Win7 Release|x64
		{5C7EA69C-ADEA-4D1E-ABB6-5EAB43D900A0}.Win8.1 Debug|Win32.ActiveCfg = Win8.1 Debug|Win32
		{5C7EA69C-ADEA-4D1E-ABB6-5EAB43D900A0}.Win8.1 Debug|Win32.Build.0 = Win8.1 Debug|Win32
		{5C7EA69C-ADEA-4D1E-ABB6-5EAB43D900A0}.Win8.1 Debug|x64.ActiveCfg = Win8.1 Debug|x64
		{5C7EA69C-ADEA-4D1E-ABB6-5EAB43D900A0}.Win8.1 Debug|x64.Build.0 = Win8.1 Debug|x64
		{5C7EA69C-ADEA-4D1E-ABB6-5EAB43D900A0}.Win8.1 Release|Win32.ActiveCfg = Win8.1 Release|Win32
		{5C7EA69C-ADEA-4D1E-ABB6-5EAB43D900A0}.Win8.1 Release|Win32.Build.0 = Win8.1 Release|Win32
		{5C7EA69C-ADEA-4D1E-ABB6-5EAB43D900A0}.Win8.1 Release|x64.ActiveCfg = Win8.1 Release|x64
		{5C7EA69C-ADEA-4D1E-ABB6-5EAB43D900A0}.Win8.1 Release|x64.Build.0 = Win8.1 Release|x64
		{5C7EA69C-ADEA-4D1E-ABB6-5EAB43D900A0}.Win8 Debug|Win32.ActiveCfg = Win8 Debug|Win32
		{5C7EA69C-ADEA-4D1E-ABB6-5EAB43D900A0}.Win8 Debug|Win32.Build.0 = Win8 Debug|Win32
		{5C7EA69C-ADEA-4D1E-ABB6-5EAB43D900A0}.Win8 Debug|x64.ActiveCfg = Win8 Debug|x64
		{5C7EA69C-ADEA-4D1E-ABB6-5EAB43D900A0}.Win8 Debug|x64.Build.0 = Win8 Debug|x64
		{5C7EA69C-ADEA-4D1E-ABB6-5EAB43D900A0}.Win8 Release|Win32.ActiveCfg = Win8 Release|Win32
		{5C7EA69C-ADEA-4D1E-ABB6-5EAB43D900A0}.Win8 Release|Win32.Build.0 = Win8 Release|Win32
		{5C7EA69C-ADEA-4D1E-ABB6-5EAB43D900A0}.Win8 Release|x64.ActiveCfg = Win8 Release|x64
		{5C7EA69C-ADEA-4D1E-ABB6-5EAB43D900A0}.Win8 Release|x64.Build.0 = Win8 Release|x64
		{5C7EA69C-ADEA-4D1E-ABB6-5EAB43D900A0}.Win7 Debug|Win32.ActiveCfg = Win7 Debug|Win32
		{5C7EA69C-ADEA-4D1E-ABB6-5EAB43D900A0}.Win7 Debug|Win32.Build.0 = Win7 Debug|Win32
		{5C7EA69C-ADEA-4D1E-ABB6-5EAB43D900A0}.Win7 Debug|x64.ActiveCfg = Win7 Debug|x64
		{5C7EA69C-ADEA-4D1E-ABB6-5EAB43D900A0}.Win7 Debug|x64.Build.0 = Win7 Debug|x64
		{5C7EA69C-ADEA-4D1E-ABB6-5EAB43D900A0}.Win7 Release|Win32.ActiveCfg = Win7 Release|Win32
		{5C7EA69C-ADEA-4D1E-ABB6-5EAB43D900A0}.Win7 Release|Win32.Build.0 = Win7 Release|Win32
		{5C7EA69C-ADEA-4D1E-ABB6-5EAB43D900A0}.Win7 Release|x64.ActiveCfg = Win7 Release|x64
		{5C7EA69C-ADEA-4D1E-ABB6-5EAB43D900A0}.Win7 Release|x64.Build.0 = Win7 Release|x64
		{7636C496-50E3-4F40-9970-561867F8F64D}.Win8.1 Debug|Win32.ActiveCfg = Win8.1 Debug|Win32
		{7636C496-50E3-4F40-9970-561867F8F64D}.Win8.1 Debug|Win32.Build.0 = Win8.1 Debug|Win32
		{7636C496-50E3-4F40-9970-561867F8F64D}.Win8.1 Debug|x64.ActiveCfg = Win8.1 Debug|x64
		{7636C496-50E3-4F40-9970-561867F8F64D}.Win8.1 Debug|x64.Build.0 = Win8.1 Debug|x64
		{7636C496-50E3-4F40-9970-561867F8F64D}.Win8.1 Release|Win32.ActiveCfg = Win8.1 Release|Win32
		{7636C496-50E3-4F40-9970-561867F8F64D}.Win8.1 Release|Win32.Build.0 = Win8.1 Release|Win32
		{7636C496-50E3-4F40-9970-561867F8F64D}.Win8.1 Release|x64.ActiveCfg = Win8.1 Release|x64
		{7636C496-50E3-4F40-9970-561867F8F64D}.Win8.1 Release|x64.Build.0 = Win8.1 Release|x64
		{7636C496-50E3-4F40-9970-561867F8F64D}.Win8 Debug|Win32.ActiveCfg = Win8 Debug|Win32
		{7636C496-50E3-4F40-9970-561867F8F64D}.Win8 Debug|Win32.Build.0 = Win8 Debug|Win32
		{7636C496-50E3-4F40-9970-561867F8F64D}.Win8 Debug|x64.ActiveCfg = Win8 Debug|x64
		{7636C496-50E3-4F40-9970-561867F8F64D}.Win8 Debug|x64.Build.0 = Win8 Debug|x64
		{7636C496-50E3-4F40-9970-561867F8F64D}.Win8 Release|Win32.ActiveCfg = Win8 Release|Win32
		{7636C496-50E3-4F40-9970-561867F8F64D}.Win8 Release|Win32.Build.0 = Win8 Release|Win32
		{7636C496-50E3-4F40-9970-561867F8F64D}.Win8 Release|x64.ActiveCfg = Win8 Release|x64
		{7636C496-50E3-4F40-9970-561867F8F64D}.Win8 Release|x64.Build.0 = Win8 Release|x64
		{7636C496-50E3-4F40-9970-561867F8F64D}.Win7 Debug|Win32.ActiveCfg = Win7 Debug|Win32
		{7636C496-50E3-4F40-9970-561867F8F64D}.Win7 Debug|Win32.Build.0 = Win7 Debug|Win32
		{7636C496-50E3-4F40-9970-561867F8F64D}.Win7 Debug|x64.ActiveCfg = Win7 Debug|x64
		{7636C496-50E3-4F40-9970-561867F8F64D}.Win7 Debug|x64.Build.0 = Win7 Debug|x64
		{7636C496-50E3-4F40-9970-561867F8F64D}.Win7 Release|Win32.ActiveCfg = Win7 Release|Win32
		{7636C496-50E3-4F40-9970-561867F8F64D}.Win7 Release|Win32.Build.0 = Win7 Release|Win32
		{7636C496-50E3-4F40-9970-561867F8F64D}.Win7 Release|x64.ActiveCfg = Win7 Release|x64
		{7636C496-50E3-4F40-9970-561867F8F64D}.Win7 Release|x64.Build.0 = Win7 Release|x64
		{263D7463-B094-4C41-A0F2-23F5E0D02520}.Win8.1 Debug|Win32.ActiveCfg = Win8.1 Debug|Win32
		{263D7463-B094-4C41-A0F2-23F5E0D02520}.Win8.1 Debug|Win32.Build.0 = Win8.1 Debug|Win32
		{263D7463-B094-4C41-A0F2-23F5E0D02520}.Win8.1 Debug|x64.ActiveCfg = Win8.1 Debug|x64
		{263D7463-B094-4C41-A0F2-23F5E0D02520}.Win8.1 Debug|x64.Build.0 = Win8.1 Debug|x64
		{263D7463-B094-4C41-A0F2-23F5E0D02520}.Win8.1 Release|Win32.ActiveCfg = Win8.1 Release|Win32
		{263D7463-B094-4C41-A0F2-23F5E0D02520}.Win8.1 Release|Win32.Build.0 = Win8.1 Release|Win32
		{263D7463-B094-4C41-A0F2-23F5E0D02520}.Win8.1 Release|x64.ActiveCfg = Win8.1 Release|x64
		{263D7463-B094-4C41-A0F2-23F5E0D02520}.Win8.1 Release|x64.Build.0 = Win8.1 Release|x64
		{263D7463-B094-4C41-A0F2-23F5E0D02520}.Win8 Debug|Win32.ActiveCfg = Win8 Debug|Win32
		{263D7463-B094-4C41-A0F2-23F5E0D02520}.Win8 Debug|Win32.Build.0 = Win8 Debug|Win32
		{263D7463-B094-4C41-A0F2-23F5E0D02520}.Win8 Debug|x64.ActiveCfg = Win8 Debug|x64
		{263D7463-B094-4C41-A0F2-23F5E0D02520}.Win8 Debug|x64.Build.0 = Win8 Debug|x64
		{263D7463-B094-4C41-A0F2-23F5E0D02520}.Win8 Release|Win32.ActiveCfg = Win8 Release|Win32
		{263D7463-B094-4C41-A0F2-23F5E0D02520}.Win8 Release|Win32.Build.0 = Win8 Release|Win32
		{263D7463-B094-4C41-A0F2-23F5E0D02520}.Win8 Release|x64.ActiveCfg = Win8 Release|x64
		{263D7463-B094-4C41-A0F2-23F5E0D02520}.Win8 Release|x64.Build.0 = Win8 Release|x64
		{263D7463-B094-4C41-A0F2-23F5E0D02520}.Win7 Debug|Win32.ActiveCfg = Win8 Release|Win32
		{263D7463-B094-4C41-A0F2-23F5E0D02520}.Win7 Debug|Win32.Build.0 = Win8 Release|Win32
		{263D7463-B094-4C41-A0F2-23F5E0D02520}.Win7 Debug|x64.ActiveCfg = Win8 Release|x64
		{263D7463-B094-4C41-A0F2-23F5E0D02520}.Win7 Debug|x64.Build.0 = Win8 Release|x64
		{263D7463-B094-4C41-A0F2-23F5E0D02520}.Win7 Release|Win32.ActiveCfg = Win8 Release|Win32
		{263D7463-B094-4C41-A0F2-23F5E0D02520}.Win7 Release|Win32.Build.0 = Win8 Release|Win32
		{263D7463-B094-4C41-A0F2-23F5E0D02520}.Win7 Release|x64.ActiveCfg = Win8 Release|x64
		{263D7463-B094-4C41-A0F2-23F5E0D02520}.Win7 Release|x64.Build.0 = Win8 Release|x64
	EndGlobalSection
	GlobalSection(SolutionProperties) = preSolution
		HideSolutionNode = FALSE
	EndGlobalSection
	GlobalSection(NestedProjects) = preSolution
		{075AB3F7-96CF-4749-A44D-32331C7A7D7A} = {9B2535FA-88A0-48C3-8ED2-12F51A75F59D}
		{5C7EA69C-ADEA-4D1E-ABB6-5EAB43D900A0} = {3322402F-41C1-47C1-8CF9-7936460B318C}
		{7636C496-50E3-4F40-9970-561867F8F64D} = {94B5ED24-C69F-443F-B6EE-4EB55AEEA8C4}
		{263D7463-B094-4C41-A0F2-23F5E0D02520} = {C1A7C569-95FE-439D-8ADF-57387B3B8695}
		{3322402F-41C1-47C1-8CF9-7936460B318C} = {75890F6B-F847-4208-BFDE-9AF7CA02F0B2}
		{94B5ED24-C69F-443F-B6EE-4EB55AEEA8C4} = {75890F6B-F847-4208-BFDE-9AF7CA02F0B2}
	EndGlobalSection
EndGlobal
